// !$*UTF8*$!
{
	archiveVersion = 1;
	classes = {
	};
	objectVersion = 50;
	objects = {

/* Begin PBXGroup section */
		24F0AA6C25E5CA65001E9DB7 = {
			isa = PBXGroup;
			children = (
			);
			sourceTree = "<group>";
		};
/* End PBXGroup section */

/* Begin PBXProject section */
		24F0AA6D25E5CA65001E9DB7 /* Project object */ = {
			isa = PBXProject;
			attributes = {
				LastUpgradeCheck = 1240;
			};
			buildConfigurationList = 24F0AA7025E5CA65001E9DB7 /* Build configuration list for PBXProject "CBOE" */;
			compatibilityVersion = "Xcode 9.3";
			developmentRegion = en;
			hasScannedForEncodings = 0;
			knownRegions = (
				en,
				Base,
			);
			mainGroup = 24F0AA6C25E5CA65001E9DB7;
			projectDirPath = "";
			projectRoot = "";
			targets = (
			);
		};
/* End PBXProject section */

/* Begin XCBuildConfiguration section */
		24F0AA7125E5CA65001E9DB7 /* Debug */ = {
			isa = XCBuildConfiguration;
			buildSettings = {
			};
			name = Debug;
		};
		24F0AA7225E5CA65001E9DB7 /* Release */ = {
			isa = XCBuildConfiguration;
			buildSettings = {
			};
			name = Release;
		};
/* End XCBuildConfiguration section */

/* Begin XCConfigurationList section */
		24F0AA7025E5CA65001E9DB7 /* Build configuration list for PBXProject "CBOE" */ = {
			isa = XCConfigurationList;
			buildConfigurations = (
				24F0AA7125E5CA65001E9DB7 /* Debug */,
				24F0AA7225E5CA65001E9DB7 /* Release */,
			);
			defaultConfigurationIsVisible = 0;
			defaultConfigurationName = Release;
		};
/* End XCConfigurationList section */
	};
	rootObject = 24F0AA6D25E5CA65001E9DB7 /* Project object */;
}
